
Microsoft Visual Studio Solution File, Format Version 12.00
# Visual Studio Version 16
VisualStudioVersion = 16.0.28803.352
MinimumVisualStudioVersion = 10.0.40219.1
Project("{FAE04EC0-301F-11D3-BF4B-00C04F79EFBC}") = "Parthenon", "Parthenon\Parthenon.csproj", "{03300D2C-37D3-4EA7-AA7C-53F3CCDC431D}"
EndProject
Global
	GlobalSection(SolutionConfigurationPlatforms) = preSolution
		Debug|Any CPU = Debug|Any CPU
		Release|Any CPU = Release|Any CPU
	EndGlobalSection
	GlobalSection(ProjectConfigurationPlatforms) = postSolution
		{03300D2C-37D3-4EA7-AA7C-53F3CCDC431D}.Debug|Any CPU.ActiveCfg = Debug|Any CPU
		{03300D2C-37D3-4EA7-AA7C-53F3CCDC431D}.Debug|Any CPU.Build.0 = Debug|Any CPU
		{03300D2C-37D3-4EA7-AA7C-53F3CCDC431D}.Release|Any CPU.ActiveCfg = Release|Any CPU
		{03300D2C-37D3-4EA7-AA7C-53F3CCDC431D}.Release|Any CPU.Build.0 = Release|Any CPU
	EndGlobalSection
	GlobalSection(SolutionProperties) = preSolution
		HideSolutionNode = FALSE
	EndGlobalSection
	GlobalSection(ExtensibilityGlobals) = postSolution
		SolutionGuid = {15CEF83B-0B15-4EF2-B5C0-8F6E45C5FD87}
	EndGlobalSection
EndGlobal
